
Microsoft Visual Studio Solution File, Format Version 12.00
# Visual Studio Version 16
VisualStudioVersion = 16.0.30804.86
MinimumVisualStudioVersion = 10.0.40219.1
Project("{FAE04EC0-301F-11D3-BF4B-00C04F79EFBC}") = "MelonManagerUtils", "MelonManagerUtils\MelonManagerUtils.csproj", "{86ACFB98-2DD0-4B98-9FA2-1AC89912CABE}"
EndProject
Global
	GlobalSection(SolutionConfigurationPlatforms) = preSolution
		Debug|Any CPU = Debug|Any CPU
		Release|Any CPU = Release|Any CPU
	EndGlobalSection
	GlobalSection(ProjectConfigurationPlatforms) = postSolution
		{86ACFB98-2DD0-4B98-9FA2-1AC89912CABE}.Debug|Any CPU.ActiveCfg = Debug|Any CPU
		{86ACFB98-2DD0-4B98-9FA2-1AC89912CABE}.Debug|Any CPU.Build.0 = Debug|Any CPU
		{86ACFB98-2DD0-4B98-9FA2-1AC89912CABE}.Release|Any CPU.ActiveCfg = Release|Any CPU
		{86ACFB98-2DD0-4B98-9FA2-1AC89912CABE}.Release|Any CPU.Build.0 = Release|Any CPU
	EndGlobalSection
	GlobalSection(SolutionProperties) = preSolution
		HideSolutionNode = FALSE
	EndGlobalSection
	GlobalSection(ExtensibilityGlobals) = postSolution
		SolutionGuid = {23085154-E1AB-4C81-9895-0FBA0AC9A295}
	EndGlobalSection
EndGlobal
